// !$*UTF8*$!
{archiveVersion = 1; classes = {}; objectVersion = 56; objects = {
8974586A6341ACCA0E88B248 = {isa = PBXFileReference; lastKnownFileType = sourcecode.swift; path = "Core/Economy.swift"; sourceTree = "<group>";};
735AAF1AEDE4CF1CD7A9F80C = {isa = PBXFileReference; lastKnownFileType = sourcecode.swift; path = "Core/PoseCounter.swift"; sourceTree = "<group>";};
E760F004D2EFDC89860E0F70 = {isa = PBXFileReference; lastKnownFileType = sourcecode.swift; path = "Core/Wellbeing.swift"; sourceTree = "<group>";};
8F195C031F102E11357DBF6C = {isa = PBXFileReference; lastKnownFileType = sourcecode.swift; path = "Monitor/ActivityMonitor.swift"; sourceTree = "<group>";};
28F0C8CF2AA0035904BFA379 = {isa = PBXFileReference; lastKnownFileType = sourcecode.swift; path = "Unscroll/AppStore.swift"; sourceTree = "<group>";};
4F4169B4AAEBC5873F47FA20 = {isa = PBXFileReference; lastKnownFileType = sourcecode.swift; path = "Unscroll/ContentView.swift"; sourceTree = "<group>";};
3F9C070AE861847B5BD77966 = {isa = PBXFileReference; lastKnownFileType = sourcecode.swift; path = "Unscroll/Design.swift"; sourceTree = "<group>";};
4E20D2AEBF68A23A614DDD5E = {isa = PBXFileReference; lastKnownFileType = sourcecode.swift; path = "Unscroll/FocusView.swift"; sourceTree = "<group>";};
B90829D1EEF3A1F496CD2F2A = {isa = PBXFileReference; lastKnownFileType = sourcecode.swift; path = "Unscroll/JourneyView.swift"; sourceTree = "<group>";};
AB9D4846265B08CC5BEC8357 = {isa = PBXFileReference; lastKnownFileType = sourcecode.swift; path = "Unscroll/PoseCamera.swift"; sourceTree = "<group>";};
C99754F7CE3D8F3E44087641 = {isa = PBXFileReference; lastKnownFileType = sourcecode.swift; path = "Unscroll/ScreenTimeController.swift"; sourceTree = "<group>";};
CB1FE769D1A35A2CB689FFAC = {isa = PBXFileReference; lastKnownFileType = sourcecode.swift; path = "Unscroll/SharedStorage.swift"; sourceTree = "<group>";};
E8A5A6BCD30E9AD9E3F42A08 = {isa = PBXFileReference; lastKnownFileType = sourcecode.swift; path = "Unscroll/ShieldPolicy.swift"; sourceTree = "<group>";};
AD7431EB593E9BB28E3AEBA0 = {isa = PBXFileReference; lastKnownFileType = sourcecode.swift; path = "Unscroll/SleepView.swift"; sourceTree = "<group>";};
EFC201682887A71E39FA6EB3 = {isa = PBXFileReference; lastKnownFileType = sourcecode.swift; path = "Unscroll/UnscrollApp.swift"; sourceTree = "<group>";};
9ED04229ABE3D52C8A160A3A = {isa = PBXFileReference; lastKnownFileType = sourcecode.swift; path = "Unscroll/WellbeingServices.swift"; sourceTree = "<group>";};
CD46A87973DC1977A4352521 = {isa = PBXFileReference; lastKnownFileType = sourcecode.swift; path = "Unscroll/WorkoutView.swift"; sourceTree = "<group>";};
05FAC94380A70241F23780E7 = {isa = PBXFileReference; lastKnownFileType = folder.assetcatalog; path = Unscroll/Asset.xcassets; sourceTree = "<group>";};
CF8A4D27E1C506A7C75A76BE = {isa = PBXBuildFile; fileRef = 05FAC94380A70241F23780E7;};
72B1E145FF31C363E2C55051 = {isa = PBXFileReference; lastKnownFileType = text.xcconfig; path = Config.xcconfig; sourceTree = "<group>";};
A6E83CBB3BA467BFCA77A293 = {isa = PBXFileReference; explicitFileType = wrapper.application; path = Unscroll.app; sourceTree = BUILT_PRODUCTS_DIR;};
9FC0E8245EDEF287442DBF12 = {isa = PBXFileReference; explicitFileType = "wrapper.app-extension"; path = UnscrollMonitor.appex; sourceTree = BUILT_PRODUCTS_DIR;};
FBDC4F23F93125BBEEAE800C = {isa = PBXGroup; name = Products; children = (A6E83CBB3BA467BFCA77A293,9FC0E8245EDEF287442DBF12,); sourceTree = "<group>";};
64292B1C2B2E13EAD8788FC8 = {isa = PBXGroup; children = (8974586A6341ACCA0E88B248,735AAF1AEDE4CF1CD7A9F80C,E760F004D2EFDC89860E0F70,8F195C031F102E11357DBF6C,28F0C8CF2AA0035904BFA379,4F4169B4AAEBC5873F47FA20,3F9C070AE861847B5BD77966,4E20D2AEBF68A23A614DDD5E,B90829D1EEF3A1F496CD2F2A,AB9D4846265B08CC5BEC8357,C99754F7CE3D8F3E44087641,CB1FE769D1A35A2CB689FFAC,E8A5A6BCD30E9AD9E3F42A08,AD7431EB593E9BB28E3AEBA0,EFC201682887A71E39FA6EB3,9ED04229ABE3D52C8A160A3A,CD46A87973DC1977A4352521,05FAC94380A70241F23780E7,72B1E145FF31C363E2C55051,FBDC4F23F93125BBEEAE800C,); sourceTree = "<group>";};
89E1FD6268CC0F221A2BE178 = {isa = XCBuildConfiguration; baseConfigurationReference = 72B1E145FF31C363E2C55051; buildSettings = {ALWAYS_SEARCH_USER_PATHS = "NO"; CLANG_ENABLE_MODULES = "YES"; CLANG_WARN_BLOCK_CAPTURE_AUTORELEASING = "YES"; CLANG_WARN_BOOL_CONVERSION = "YES"; CLANG_WARN_COMMA = "YES"; CLANG_WARN_CONSTANT_CONVERSION = "YES"; CLANG_WARN_DEPRECATED_OBJC_IMPLEMENTATIONS = "YES"; CLANG_WARN_EMPTY_BODY = "YES"; CLANG_WARN_ENUM_CONVERSION = "YES"; CLANG_WARN_INFINITE_RECURSION = "YES"; CLANG_WARN_INT_CONVERSION = "YES"; CLANG_WARN_NON_LITERAL_NULL_CONVERSION = "YES"; CLANG_WARN_OBJC_IMPLICIT_RETAIN_SELF = "YES"; CLANG_WARN_OBJC_LITERAL_CONVERSION = "YES"; CLANG_WARN_QUOTED_INCLUDE_IN_FRAMEWORK_HEADER = "YES"; CLANG_WARN_RANGE_LOOP_ANALYSIS = "YES"; CLANG_WARN_STRICT_PROTOTYPES = "YES"; CLANG_WARN_SUSPICIOUS_MOVE = "YES"; CLANG_WARN_UNREACHABLE_CODE = "YES"; CLANG_WARN__DUPLICATE_METHOD_MATCH = "YES"; DEVELOPMENT_TEAM = "S4CJL29256"; ENABLE_STRICT_OBJC_MSGSEND = "YES"; ENABLE_TESTABILITY = "YES"; ENABLE_USER_SCRIPT_SANDBOXING = "YES"; GCC_NO_COMMON_BLOCKS = "YES"; GCC_WARN_64_TO_32_BIT_CONVERSION = "YES"; GCC_WARN_ABOUT_RETURN_TYPE = "YES"; GCC_WARN_UNDECLARED_SELECTOR = "YES"; GCC_WARN_UNINITIALIZED_AUTOS = "YES"; GCC_WARN_UNUSED_FUNCTION = "YES"; GCC_WARN_UNUSED_VARIABLE = "YES"; IPHONEOS_DEPLOYMENT_TARGET = "17.4"; ONLY_ACTIVE_ARCH = "YES"; SDKROOT = "iphoneos"; STRING_CATALOG_GENERATE_SYMBOLS = "YES"; SWIFT_VERSION = "5.0"; CODE_SIGN_STYLE = "Automatic"; CURRENT_PROJECT_VERSION = "3"; MARKETING_VERSION = "1.2"; TARGETED_DEVICE_FAMILY = "1"; SWIFT_OPTIMIZATION_LEVEL = "-Onone"; DEBUG_INFORMATION_FORMAT = "dwarf";}; name = Debug;};
E6DE6C99132752C914FEF632 = {isa = XCBuildConfiguration; baseConfigurationReference = 72B1E145FF31C363E2C55051; buildSettings = {ALWAYS_SEARCH_USER_PATHS = "NO"; CLANG_ENABLE_MODULES = "YES"; CLANG_WARN_BLOCK_CAPTURE_AUTORELEASING = "YES"; CLANG_WARN_BOOL_CONVERSION = "YES"; CLANG_WARN_COMMA = "YES"; CLANG_WARN_CONSTANT_CONVERSION = "YES"; CLANG_WARN_DEPRECATED_OBJC_IMPLEMENTATIONS = "YES"; CLANG_WARN_EMPTY_BODY = "YES"; CLANG_WARN_ENUM_CONVERSION = "YES"; CLANG_WARN_INFINITE_RECURSION = "YES"; CLANG_WARN_INT_CONVERSION = "YES"; CLANG_WARN_NON_LITERAL_NULL_CONVERSION = "YES"; CLANG_WARN_OBJC_IMPLICIT_RETAIN_SELF = "YES"; CLANG_WARN_OBJC_LITERAL_CONVERSION = "YES"; CLANG_WARN_QUOTED_INCLUDE_IN_FRAMEWORK_HEADER = "YES"; CLANG_WARN_RANGE_LOOP_ANALYSIS = "YES"; CLANG_WARN_STRICT_PROTOTYPES = "YES"; CLANG_WARN_SUSPICIOUS_MOVE = "YES"; CLANG_WARN_UNREACHABLE_CODE = "YES"; CLANG_WARN__DUPLICATE_METHOD_MATCH = "YES"; DEVELOPMENT_TEAM = "S4CJL29256"; ENABLE_STRICT_OBJC_MSGSEND = "YES"; ENABLE_USER_SCRIPT_SANDBOXING = "YES"; GCC_NO_COMMON_BLOCKS = "YES"; GCC_WARN_64_TO_32_BIT_CONVERSION = "YES"; GCC_WARN_ABOUT_RETURN_TYPE = "YES"; GCC_WARN_UNDECLARED_SELECTOR = "YES"; GCC_WARN_UNINITIALIZED_AUTOS = "YES"; GCC_WARN_UNUSED_FUNCTION = "YES"; GCC_WARN_UNUSED_VARIABLE = "YES"; IPHONEOS_DEPLOYMENT_TARGET = "17.4"; SDKROOT = "iphoneos"; STRING_CATALOG_GENERATE_SYMBOLS = "YES"; SWIFT_COMPILATION_MODE = "wholemodule"; SWIFT_VERSION = "5.0"; CODE_SIGN_STYLE = "Automatic"; CURRENT_PROJECT_VERSION = "3"; MARKETING_VERSION = "1.2"; TARGETED_DEVICE_FAMILY = "1"; SWIFT_OPTIMIZATION_LEVEL = "-O"; DEBUG_INFORMATION_FORMAT = "dwarf-with-dsym";}; name = Release;};
BC7E287B75C6D3E574547D08 = {isa = XCConfigurationList; buildConfigurations = (89E1FD6268CC0F221A2BE178,E6DE6C99132752C914FEF632,); defaultConfigurationIsVisible = 0; defaultConfigurationName = Release;};
53E5AD58597AD3A37BD24E0B = {isa = PBXBuildFile; fileRef = 9FC0E8245EDEF287442DBF12; settings = {ATTRIBUTES = (RemoveHeadersOnCopy,);};};
CFFF27C96089B93150F3553B = {isa = PBXCopyFilesBuildPhase; buildActionMask = 2147483647; dstPath = ""; dstSubfolderSpec = 13; files = (53E5AD58597AD3A37BD24E0B,); name = "Embed App Extensions"; runOnlyForDeploymentPostprocessing = 0;};
D799BAE6088A90139B415FCC = {isa = PBXContainerItemProxy; containerPortal = 98F54143AB4E86B28C3AFEE0; proxyType = 1; remoteGlobalIDString = A2CF70F762260A2D2BA72C75; remoteInfo = UnscrollMonitor;};
DE58E2B17C19600779694943 = {isa = PBXTargetDependency; target = A2CF70F762260A2D2BA72C75; targetProxy = D799BAE6088A90139B415FCC;};
601B99C68343AEDA2FA121E8 = {isa = PBXBuildFile; fileRef = 735AAF1AEDE4CF1CD7A9F80C;};
6B1359BBD7C170854D6F0D0A = {isa = PBXBuildFile; fileRef = 8974586A6341ACCA0E88B248;};
CC1E3B43B8C457E007D053EE = {isa = PBXBuildFile; fileRef = E760F004D2EFDC89860E0F70;};
C44CB26504433EDB2C062DFB = {isa = PBXBuildFile; fileRef = CB1FE769D1A35A2CB689FFAC;};
6ECE0D2F3E062E3E4C89127B = {isa = PBXBuildFile; fileRef = E8A5A6BCD30E9AD9E3F42A08;};
7786D93EB209D0F4E420D626 = {isa = PBXBuildFile; fileRef = 28F0C8CF2AA0035904BFA379;};
271A01CE8634A99418FBCABC = {isa = PBXBuildFile; fileRef = EFC201682887A71E39FA6EB3;};
94A57CFDF383955FE32ED210 = {isa = PBXBuildFile; fileRef = 4F4169B4AAEBC5873F47FA20;};
A5F05D28B47E0389DB85A4B4 = {isa = PBXBuildFile; fileRef = CD46A87973DC1977A4352521;};
CEDA9A027D1F8EEDE04092A4 = {isa = PBXBuildFile; fileRef = AB9D4846265B08CC5BEC8357;};
D68CBF526EA323BF04509436 = {isa = PBXBuildFile; fileRef = C99754F7CE3D8F3E44087641;};
45857185F0C60BE9F3FFAB8B = {isa = PBXBuildFile; fileRef = 9ED04229ABE3D52C8A160A3A;};
1D7BB8E5D7BD7E3A7AD75591 = {isa = PBXBuildFile; fileRef = 3F9C070AE861847B5BD77966;};
BF6684CC6F837ABF932CA12C = {isa = PBXBuildFile; fileRef = 4E20D2AEBF68A23A614DDD5E;};
15D788B665ECD1FD30582806 = {isa = PBXBuildFile; fileRef = AD7431EB593E9BB28E3AEBA0;};
A336C0F2A64D89D5B500A393 = {isa = PBXBuildFile; fileRef = B90829D1EEF3A1F496CD2F2A;};
3D37555418F08EC0C1F7C28B = {isa = PBXSourcesBuildPhase; buildActionMask = 2147483647; files = (601B99C68343AEDA2FA121E8,6B1359BBD7C170854D6F0D0A,CC1E3B43B8C457E007D053EE,C44CB26504433EDB2C062DFB,6ECE0D2F3E062E3E4C89127B,7786D93EB209D0F4E420D626,271A01CE8634A99418FBCABC,94A57CFDF383955FE32ED210,A5F05D28B47E0389DB85A4B4,CEDA9A027D1F8EEDE04092A4,D68CBF526EA323BF04509436,45857185F0C60BE9F3FFAB8B,1D7BB8E5D7BD7E3A7AD75591,BF6684CC6F837ABF932CA12C,15D788B665ECD1FD30582806,A336C0F2A64D89D5B500A393,); runOnlyForDeploymentPostprocessing = 0;};
CB9BA12A3498AC15D3F026B7 = {isa = PBXFrameworksBuildPhase; buildActionMask = 2147483647; files = (); runOnlyForDeploymentPostprocessing = 0;};
0C851DD923F7A634ADC9D239 = {isa = PBXResourcesBuildPhase; buildActionMask = 2147483647; files = (CF8A4D27E1C506A7C75A76BE,); runOnlyForDeploymentPostprocessing = 0;};
AA3062DDF7C19FFE57BEF87E = {isa = XCBuildConfiguration; buildSettings = {ASSETCATALOG_COMPILER_ALTERNATE_APPICON_NAMES = "AppIcon"; ASSETCATALOG_COMPILER_APPICON_NAME = "AppIcon"; CLANG_ENABLE_OBJC_WEAK = "YES"; CODE_SIGN_ENTITLEMENTS = "Unscroll/Unscroll.entitlements"; CODE_SIGN_STYLE = "Automatic"; CURRENT_PROJECT_VERSION = "3"; GENERATE_INFOPLIST_FILE = "NO"; INFOPLIST_FILE = "Unscroll/Info.plist"; INFOPLIST_KEY_CFBundleDisplayName = "Unscroll"; INFOPLIST_KEY_ITSAppUsesNonExemptEncryption = "NO"; INFOPLIST_KEY_LSApplicationCategoryType = ""; INFOPLIST_KEY_UIApplicationSupportsIndirectInputEvents = "YES"; INFOPLIST_KEY_UILaunchScreen_Generation = "YES"; INFOPLIST_KEY_UISupportedInterfaceOrientations = "UIInterfaceOrientationPortrait"; MARKETING_VERSION = "1.2"; PRODUCT_BUNDLE_IDENTIFIER = "$(UNSCROLL_APP_BUNDLE_ID)"; PRODUCT_NAME = "$(TARGET_NAME)"; SUPPORTED_PLATFORMS = "iphoneos iphonesimulator"; SUPPORTS_MACCATALYST = "NO"; SWIFT_EMIT_LOC_STRINGS = "YES"; SWIFT_VERSION = "5.0"; TARGETED_DEVICE_FAMILY = "1"; LD_RUNPATH_SEARCH_PATHS = "$(inherited) @executable_path/Frameworks";}; name = Debug;};
54851C05463243256731B5F9 = {isa = XCBuildConfiguration; buildSettings = {ASSETCATALOG_COMPILER_ALTERNATE_APPICON_NAMES = "AppIcon"; ASSETCATALOG_COMPILER_APPICON_NAME = "AppIcon"; CLANG_ENABLE_OBJC_WEAK = "YES"; CODE_SIGN_ENTITLEMENTS = "Unscroll/Unscroll.entitlements"; CODE_SIGN_STYLE = "Automatic"; CURRENT_PROJECT_VERSION = "3"; GENERATE_INFOPLIST_FILE = "NO"; INFOPLIST_FILE = "Unscroll/Info.plist"; INFOPLIST_KEY_CFBundleDisplayName = "Unscroll"; INFOPLIST_KEY_ITSAppUsesNonExemptEncryption = "NO"; INFOPLIST_KEY_LSApplicationCategoryType = ""; INFOPLIST_KEY_UIApplicationSupportsIndirectInputEvents = "YES"; INFOPLIST_KEY_UILaunchScreen_Generation = "YES"; INFOPLIST_KEY_UISupportedInterfaceOrientations = "UIInterfaceOrientationPortrait"; MARKETING_VERSION = "1.2"; PRODUCT_BUNDLE_IDENTIFIER = "$(UNSCROLL_APP_BUNDLE_ID)"; PRODUCT_NAME = "$(TARGET_NAME)"; SUPPORTED_PLATFORMS = "iphoneos iphonesimulator"; SUPPORTS_MACCATALYST = "NO"; SWIFT_EMIT_LOC_STRINGS = "YES"; SWIFT_VERSION = "5.0"; TARGETED_DEVICE_FAMILY = "1"; LD_RUNPATH_SEARCH_PATHS = "$(inherited) @executable_path/Frameworks";}; name = Release;};
368D4F53C586932FCA38ED49 = {isa = XCConfigurationList; buildConfigurations = (AA3062DDF7C19FFE57BEF87E,54851C05463243256731B5F9,); defaultConfigurationIsVisible = 0; defaultConfigurationName = Release;};
08A120CFE1D8965E1E360FEE = {isa = PBXNativeTarget; buildConfigurationList = 368D4F53C586932FCA38ED49; buildPhases = (3D37555418F08EC0C1F7C28B,CB9BA12A3498AC15D3F026B7,0C851DD923F7A634ADC9D239,CFFF27C96089B93150F3553B,); buildRules = (); dependencies = (DE58E2B17C19600779694943,); name = Unscroll; productName = Unscroll; productReference = A6E83CBB3BA467BFCA77A293; productType = "com.apple.product-type.application";};
659E932A2CBD112BD1C74A30 = {isa = PBXBuildFile; fileRef = 735AAF1AEDE4CF1CD7A9F80C;};
CD35375589BD6DBE48B2C11D = {isa = PBXBuildFile; fileRef = 8974586A6341ACCA0E88B248;};
7969FB02A640FE00F875D3CC = {isa = PBXBuildFile; fileRef = E760F004D2EFDC89860E0F70;};
77E5A81835A975E5D8C7B64A = {isa = PBXBuildFile; fileRef = CB1FE769D1A35A2CB689FFAC;};
262913D276E4FCACB85F7AB5 = {isa = PBXBuildFile; fileRef = E8A5A6BCD30E9AD9E3F42A08;};
FFB39AF16135DCD585C01233 = {isa = PBXBuildFile; fileRef = 8F195C031F102E11357DBF6C;};
FFC429217BB902A5C3BEAE0B = {isa = PBXSourcesBuildPhase; buildActionMask = 2147483647; files = (659E932A2CBD112BD1C74A30,CD35375589BD6DBE48B2C11D,7969FB02A640FE00F875D3CC,77E5A81835A975E5D8C7B64A,262913D276E4FCACB85F7AB5,FFB39AF16135DCD585C01233,); runOnlyForDeploymentPostprocessing = 0;};
9DE272CDFE3DCD5DF2B8C2DE = {isa = PBXFrameworksBuildPhase; buildActionMask = 2147483647; files = (); runOnlyForDeploymentPostprocessing = 0;};
395BA413B4278EC4A34FCAF9 = {isa = PBXResourcesBuildPhase; buildActionMask = 2147483647; files = (); runOnlyForDeploymentPostprocessing = 0;};
C278EF0623EDE83925E9A713 = {isa = XCBuildConfiguration; buildSettings = {PRODUCT_BUNDLE_IDENTIFIER = "$(UNSCROLL_APP_BUNDLE_ID).monitor"; PRODUCT_NAME = "$(TARGET_NAME)"; INFOPLIST_FILE = "Monitor/Info.plist"; CODE_SIGN_ENTITLEMENTS = "Monitor/Monitor.entitlements"; GENERATE_INFOPLIST_FILE = "NO"; LD_RUNPATH_SEARCH_PATHS = "$(inherited) @executable_path/Frameworks @executable_path/../../Frameworks"; SUPPORTED_PLATFORMS = "iphoneos iphonesimulator"; CURRENT_PROJECT_VERSION = "3"; MARKETING_VERSION = "1.2"; APPLICATION_EXTENSION_API_ONLY = "YES"; SKIP_INSTALL = "YES";}; name = Debug;};
D9BD0B22AF7F9DFC19901064 = {isa = XCBuildConfiguration; buildSettings = {PRODUCT_BUNDLE_IDENTIFIER = "$(UNSCROLL_APP_BUNDLE_ID).monitor"; PRODUCT_NAME = "$(TARGET_NAME)"; INFOPLIST_FILE = "Monitor/Info.plist"; CODE_SIGN_ENTITLEMENTS = "Monitor/Monitor.entitlements"; GENERATE_INFOPLIST_FILE = "NO"; LD_RUNPATH_SEARCH_PATHS = "$(inherited) @executable_path/Frameworks @executable_path/../../Frameworks"; SUPPORTED_PLATFORMS = "iphoneos iphonesimulator"; CURRENT_PROJECT_VERSION = "3"; MARKETING_VERSION = "1.2"; APPLICATION_EXTENSION_API_ONLY = "YES"; SKIP_INSTALL = "YES";}; name = Release;};
FF07AE35D47A87F60896863D = {isa = XCConfigurationList; buildConfigurations = (C278EF0623EDE83925E9A713,D9BD0B22AF7F9DFC19901064,); defaultConfigurationIsVisible = 0; defaultConfigurationName = Release;};
A2CF70F762260A2D2BA72C75 = {isa = PBXNativeTarget; buildConfigurationList = FF07AE35D47A87F60896863D; buildPhases = (FFC429217BB902A5C3BEAE0B,9DE272CDFE3DCD5DF2B8C2DE,395BA413B4278EC4A34FCAF9,); buildRules = (); dependencies = (); name = UnscrollMonitor; productName = UnscrollMonitor; productReference = 9FC0E8245EDEF287442DBF12; productType = "com.apple.product-type.app-extension";};
98F54143AB4E86B28C3AFEE0 = {isa = PBXProject; attributes = {BuildIndependentTargetsInParallel = YES; LastUpgradeCheck = 1600;}; buildConfigurationList = BC7E287B75C6D3E574547D08; compatibilityVersion = "Xcode 14.0"; developmentRegion = de; knownRegions = (de,en,Base,); mainGroup = 64292B1C2B2E13EAD8788FC8; productRefGroup = FBDC4F23F93125BBEEAE800C; projectDirPath = ""; projectRoot = ""; targets = (08A120CFE1D8965E1E360FEE,A2CF70F762260A2D2BA72C75,);};
}; rootObject = 98F54143AB4E86B28C3AFEE0; }
